Microsoft Visual Studio Solution File, Format Version 12.00
# Visual Studio Version 17
VisualStudioVersion = 17.8.34330.188
MinimumVisualStudioVersion = 10.0.40219.1
Project("{FAE04EC0-301F-11D3-BF4B-00C04F79EFBC}") = "TrombyApp", "src\TrombyApp\TrombyApp.csproj", "{19771C6B-4F8C-4889-B9B0-74B8D203E756}"
EndProject
Project("{FAE04EC0-301F-11D3-BF4B-00C04F79EFBC}") = "Tromby.Tests", "tests\Tromby.Tests\Tromby.Tests.csproj", "{94DF0656-2999-48F3-BB43-DABC2E028433}"
EndProject
Global
GlobalSection(SolutionConfigurationPlatforms) = preSolution
Debug|Any CPU = Debug|Any CPU
Release|Any CPU = Release|Any CPU
EndGlobalSection
GlobalSection(ProjectConfigurationPlatforms) = postSolution
{19771C6B-4F8C-4889-B9B0-74B8D203E756}.Debug|Any CPU.ActiveCfg = Debug|Any CPU
{19771C6B-4F8C-4889-B9B0-74B8D203E756}.Debug|Any CPU.Build.0 = Debug|Any CPU
{19771C6B-4F8C-4889-B9B0-74B8D203E756}.Release|Any CPU.ActiveCfg = Release|Any CPU
{19771C6B-4F8C-4889-B9B0-74B8D203E756}.Release|Any CPU.Build.0 = Release|Any CPU
{94DF0656-2999-48F3-BB43-DABC2E028433}.Debug|Any CPU.ActiveCfg = Debug|Any CPU
{94DF0656-2999-48F3-BB43-DABC2E028433}.Debug|Any CPU.Build.0 = Debug|Any CPU
{94DF0656-2999-48F3-BB43-DABC2E028433}.Release|Any CPU.ActiveCfg = Release|Any CPU
{94DF0656-2999-48F3-BB43-DABC2E028433}.Release|Any CPU.Build.0 = Release|Any CPU
EndGlobalSection
GlobalSection(SolutionProperties) = preSolution
HideSolutionNode = FALSE
EndGlobalSection
EndGlobal
